
Microsoft Visual Studio Solution File, Format Version 12.00
# Visual Studio 15
VisualStudioVersion = 15.0.28307.2092
MinimumVisualStudioVersion = 10.0.40219.1
Project("{FAE04EC0-301F-11D3-BF4B-00C04F79EFBC}") = "Eticaret", "Eticaret\Eticaret.csproj", "{5E405FD0-2A8D-4CB8-922E-1C82526968C6}"
EndProject
Global
	GlobalSection(SolutionConfigurationPlatforms) = preSolution
		Debug|Any CPU = Debug|Any CPU
		Release|Any CPU = Release|Any CPU
	EndGlobalSection
	GlobalSection(ProjectConfigurationPlatforms) = postSolution
		{5E405FD0-2A8D-4CB8-922E-1C82526968C6}.Debug|Any CPU.ActiveCfg = Debug|Any CPU
		{5E405FD0-2A8D-4CB8-922E-1C82526968C6}.Debug|Any CPU.Build.0 = Debug|Any CPU
		{5E405FD0-2A8D-4CB8-922E-1C82526968C6}.Release|Any CPU.ActiveCfg = Release|Any CPU
		{5E405FD0-2A8D-4CB8-922E-1C82526968C6}.Release|Any CPU.Build.0 = Release|Any CPU
	EndGlobalSection
	GlobalSection(SolutionProperties) = preSolution
		HideSolutionNode = FALSE
	EndGlobalSection
	GlobalSection(ExtensibilityGlobals) = postSolution
		SolutionGuid = {F14B2823-2FAE-4D7E-8B83-21B9B294A614}
	EndGlobalSection
EndGlobal
